# THIS IS AN AUTOGENERATED FILE. DO NOT EDIT THIS FILE DIRECTLY.
# yarn lockfile v1


"@webassemblyjs/leb128@^1.9.0":
  version "1.9.0"
  resolved "https://registry.yarnpkg.com/@webassemblyjs/leb128/-/leb128-1.9.0.tgz#f19ca0b76a6dc55623a09cffa769e838fa1e1c95"
  integrity sha512-ENVzM5VwV1ojs9jam6vPys97B/S65YQtv/aanqnU7D8aSoHFX8GyhGg0CMfyKNIHBuAVjy3tlzd5QMMINa7wpw==
  dependencies:
    "@xtuc/long" "4.2.2"

"@xtuc/long@4.2.2":
  version "4.2.2"
  resolved "https://registry.yarnpkg.com/@xtuc/long/-/long-4.2.2.tgz#d291c6a4e97989b5c61d9acf396ae4fe133a718d"
  integrity sha512-NuHqBY1PB/D8xU6s/thBgOAiAP7HOYDQ32+BFZILJ8ivkUkAHQnWfn6WhL79Owj1qmUnoN/YPhktdIoucipkAQ==

base32-encode@^1.1.1:
  version "1.1.1"
  resolved "https://registry.yarnpkg.com/base32-encode/-/base32-encode-1.1.1.tgz#d022d86aca0002a751bbe1bf20eb4a9b1cef4e95"
  integrity sha512-eqa0BeGghj3guezlasdHJhr3+J5ZbbQvxeprkcDMbRQrjlqOT832IUDT4Al4ofAwekFYMqkkM9KMUHs9Cu0HKA==

bignumber.js@^9.0.0:
  version "9.0.0"
  resolved "https://registry.yarnpkg.com/bignumber.js/-/bignumber.js-9.0.0.tgz#805880f84a329b5eac6e7cb6f8274b6d82bdf075"
  integrity sha512-t/OYhhJ2SD+YGBQcjY8GzzDHEk9f3nerxjtfa6tlMXfe7frs/WozhvCNoGvpM0P3bNf3Gq5ZRMlGr5f3r4/N8A==

blake2@^4.0.1:
  version "4.0.1"
  resolved "https://registry.yarnpkg.com/blake2/-/blake2-4.0.1.tgz#b66072203b3c7fdf2155906a02db2a07d9496525"
  integrity sha512-x154iqs8j4IMyxLyFOYb0tvTw+BZlXR8n1HBf/jVNJw5DGCvMNPl6wxHhWQDzIBHRYSc9sb3nsuM/G9AVO6psg==
  dependencies:
    nan "^2.14.1"

cbor@^5.1.0:
  version "5.1.0"
  resolved "https://registry.yarnpkg.com/cbor/-/cbor-5.1.0.tgz#c3be220dcbbd96a338d279a664237aed3f596904"
  integrity sha512-qzEc7kUShdMbWTaUH7X+aHW8owvBU3FS0dfYR1lGYpoZr0mGJhhojLlZJH653x/DfeMZ56h315FRNBUIG1R7qg==
  dependencies:
    bignumber.js "^9.0.0"
    nofilter "^1.0.4"

nan@^2.14.1:
  version "2.14.1"
  resolved "https://registry.yarnpkg.com/nan/-/nan-2.14.1.tgz#d7be34dfa3105b91494c3147089315eff8874b01"
  integrity sha512-isWHgVjnFjh2x2yuJ/tj3JbwoHu3UC2dX5G/88Cm24yB6YopVgxvBObDY7n5xW6ExmFhJpSEQqFPvq9zaXc8Jw==

nofilter@^1.0.4:
  version "1.0.4"
  resolved "https://registry.yarnpkg.com/nofilter/-/nofilter-1.0.4.tgz#78d6f4b6a613e7ced8b015cec534625f7667006e"
  integrity sha512-N8lidFp+fCz+TD51+haYdbDGrcBWwuHX40F5+z0qkUjMJ5Tp+rdSuAkMJ9N9eoolDlEVTf6u5icM+cNKkKW2mA==
