# THIS IS AN AUTOGENERATED FILE. DO NOT EDIT THIS FILE DIRECTLY.
# yarn lockfile v1


"@webassemblyjs/leb128@^1.9.0":
  version "1.9.0"
  resolved "https://registry.yarnpkg.com/@webassemblyjs/leb128/-/leb128-1.9.0.tgz#f19ca0b76a6dc55623a09cffa769e838fa1e1c95"
  integrity sha512-ENVzM5VwV1ojs9jam6vPys97B/S65YQtv/aanqnU7D8aSoHFX8GyhGg0CMfyKNIHBuAVjy3tlzd5QMMINa7wpw==
  dependencies:
    "@xtuc/long" "4.2.2"

"@xtuc/long@4.2.2":
  version "4.2.2"
  resolved "https://registry.yarnpkg.com/@xtuc/long/-/long-4.2.2.tgz#d291c6a4e97989b5c61d9acf396ae4fe133a718d"
  integrity sha512-NuHqBY1PB/D8xU6s/thBgOAiAP7HOYDQ32+BFZILJ8ivkUkAHQnWfn6WhL79Owj1qmUnoN/YPhktdIoucipkAQ==

base32-encode@^1.1.1:
  version "1.1.1"
  resolved "https://registry.yarnpkg.com/base32-encode/-/base32-encode-1.1.1.tgz#d022d86aca0002a751bbe1bf20eb4a9b1cef4e95"
  integrity sha512-eqa0BeGghj3guezlasdHJhr3+J5ZbbQvxeprkcDMbRQrjlqOT832IUDT4Al4ofAwekFYMqkkM9KMUHs9Cu0HKA==

bignumber.js@^9.0.0:
  version "9.0.0"
  resolved "https://registry.yarnpkg.com/bignumber.js/-/bignumber.js-9.0.0.tgz#805880f84a329b5eac6e7cb6f8274b6d82bdf075"
  integrity sha512-t/OYhhJ2SD+YGBQcjY8GzzDHEk9f3nerxjtfa6tlMXfe7frs/WozhvCNoGvpM0P3bNf3Gq5ZRMlGr5f3r4/N8A==

blake2@^4.0.0:
  version "4.0.0"
  resolved "https://registry.yarnpkg.com/blake2/-/blake2-4.0.0.tgz#32ae4c3568ef5ee4d74c50b99d774abf8fff4f60"
  integrity sha512-PIOc6RXAZYBYcdpyMzI6/SCU3BH8EbmA9vr0BAVyQv48CQTXDN6viHOTM+8KQue2IPsyHNpIR3UDisz8rZDPTA==
  dependencies:
    nan "^2.14.0"

cbor@^5.0.1:
  version "5.0.1"
  resolved "https://registry.yarnpkg.com/cbor/-/cbor-5.0.1.tgz#243eea46b19c6e54ffb18fb07fa52c1c627a6f05"
  integrity sha512-l4ghwqioCyuAaD3LvY4ONwv8NMuERz62xjbMHGdWBqERJPygVmoFER1b4+VS6iW0rXwoVGuKZPPPTofwWOg3YQ==
  dependencies:
    bignumber.js "^9.0.0"
    nofilter "^1.0.3"

nan@^2.14.0:
  version "2.14.0"
  resolved "https://registry.yarnpkg.com/nan/-/nan-2.14.0.tgz#7818f722027b2459a86f0295d434d1fc2336c52c"
  integrity sha512-INOFj37C7k3AfaNTtX8RhsTw7qRy7eLET14cROi9+5HAVbbHuIWUHEauBv5qT4Av2tWasiTY1Jw6puUNqRJXQg==

nofilter@^1.0.3:
  version "1.0.3"
  resolved "https://registry.yarnpkg.com/nofilter/-/nofilter-1.0.3.tgz#34e54b4cc9757de0cad38cc0d19462489b1b7f5d"
  integrity sha512-FlUlqwRK6reQCaFLAhMcF+6VkVG2caYjKQY3YsRDTl4/SEch595Qb3oLjJRDr8dkHAAOVj2pOx3VknfnSgkE5g==
